GEM
  remote: https://rubygems.org/
  specs:
    bigdecimal (4.1.2)
    hana (1.3.7)
    json_schemer (2.5.0)
      bigdecimal
      hana (~> 1.3)
      regexp_parser (~> 2.0)
      simpleidn (~> 0.2)
    mcp (0.23.0)
      json_schemer (>= 2.4)
    minitest (6.0.1)
      prism (~> 1.5)
    prism (1.7.0)
    regexp_parser (2.12.0)
    simpleidn (0.2.3)

PLATFORMS
  ruby
  x86_64-linux

DEPENDENCIES
  mcp
  minitest

CHECKSUMS
  bigdecimal (4.1.2) sha256=53d217666027eab4280346fba98e7d5b66baaae1b9c3c1c0ffe89d48188a3fbd
  hana (1.3.7) sha256=5425db42d651fea08859811c29d20446f16af196308162894db208cac5ce9b0d
  json_schemer (2.5.0) sha256=2f01fb4cce721a4e08dd068fc2030cffd0702a7f333f1ea2be6e8991f00ae396
  mcp (0.23.0) sha256=3667ee167384778cd81721799dc8060f4a792f63b23ba0804005afd29d7259bc
  minitest (6.0.1) sha256=7854c74f48e2e975969062833adc4013f249a4b212f5e7b9d5c040bf838d54bb
  prism (1.7.0) sha256=10062f734bf7985c8424c44fac382ac04a58124ea3d220ec3ba9fe4f2da65103
  regexp_parser (2.12.0) sha256=35a916a1d63190ab5c9009457136ae5f3c0c7512d60291d0d1378ba18ce08ebb
  simpleidn (0.2.3) sha256=08ce96f03fa1605286be22651ba0fc9c0b2d6272c9b27a260bc88be05b0d2c29

BUNDLED WITH
  4.0.3
