GEM
  remote: https://rubygems.org/
  specs:
    addressable (2.8.8)
      public_suffix (>= 2.0.2, < 8.0)
    bigdecimal (4.0.1)
    json-schema (6.1.0)
      addressable (~> 2.8)
      bigdecimal (>= 3.1, < 5)
    json_rpc_handler (0.1.1)
    mcp (0.4.0)
      json-schema (>= 4.1)
      json_rpc_handler (~> 0.1)
    minitest (6.0.1)
      prism (~> 1.5)
    prism (1.7.0)
    public_suffix (7.0.0)

PLATFORMS
  ruby
  x86_64-linux

DEPENDENCIES
  mcp
  minitest

CHECKSUMS
  addressable (2.8.8) sha256=7c13b8f9536cf6364c03b9d417c19986019e28f7c00ac8132da4eb0fe393b057
  bigdecimal (4.0.1) sha256=8b07d3d065a9f921c80ceaea7c9d4ae596697295b584c296fe599dd0ad01c4a7
  json-schema (6.1.0) sha256=6bf70a2cfb6dfd5a06da28093fa8190f324c88eabd36a7f47097f227321dc702
  json_rpc_handler (0.1.1) sha256=ea248c8cb4d5490dde320db316ac5e3caf8137a20b5ff9035a4bfc1d19438d90
  mcp (0.4.0) sha256=4d1dd2b99fbd81a5fdc808d258c38a4f57dd69751ee1e5f62b3ab40e31625a36
  minitest (6.0.1) sha256=7854c74f48e2e975969062833adc4013f249a4b212f5e7b9d5c040bf838d54bb
  prism (1.7.0) sha256=10062f734bf7985c8424c44fac382ac04a58124ea3d220ec3ba9fe4f2da65103
  public_suffix (7.0.0) sha256=f7090b5beb0e56f9f10d79eed4d5fbe551b3b425da65877e075dad47a6a1b095

BUNDLED WITH
  4.0.3
